
Microsoft Visual Studio Solution File, Format Version 12.00
# Visual Studio 14
VisualStudioVersion = 14.0.23107.0
MinimumVisualStudioVersion = 10.0.40219.1
Project("{FAE04EC0-301F-11D3-BF4B-00C04F79EFBC}") = "TestAngular", "TestAngular\TestAngular.csproj", "{6229114B-83D0-4057-8069-32E032E566D1}"
EndProject
Project("{FAE04EC0-301F-11D3-BF4B-00C04F79EFBC}") = "TestAngular.Tests", "TestAngular.Tests\TestAngular.Tests.csproj", "{0E79A630-507F-4E3F-9160-C56DE6E54064}"
EndProject
Global
	GlobalSection(SolutionConfigurationPlatforms) = preSolution
		Debug|Any CPU = Debug|Any CPU
		Release|Any CPU = Release|Any CPU
	EndGlobalSection
	GlobalSection(ProjectConfigurationPlatforms) = postSolution
		{6229114B-83D0-4057-8069-32E032E566D1}.Debug|Any CPU.ActiveCfg = Debug|Any CPU
		{6229114B-83D0-4057-8069-32E032E566D1}.Debug|Any CPU.Build.0 = Debug|Any CPU
		{6229114B-83D0-4057-8069-32E032E566D1}.Release|Any CPU.ActiveCfg = Release|Any CPU
		{6229114B-83D0-4057-8069-32E032E566D1}.Release|Any CPU.Build.0 = Release|Any CPU
		{0E79A630-507F-4E3F-9160-C56DE6E54064}.Debug|Any CPU.ActiveCfg = Debug|Any CPU
		{0E79A630-507F-4E3F-9160-C56DE6E54064}.Debug|Any CPU.Build.0 = Debug|Any CPU
		{0E79A630-507F-4E3F-9160-C56DE6E54064}.Release|Any CPU.ActiveCfg = Release|Any CPU
		{0E79A630-507F-4E3F-9160-C56DE6E54064}.Release|Any CPU.Build.0 = Release|Any CPU
	EndGlobalSection
	GlobalSection(SolutionProperties) = preSolution
		HideSolutionNode = FALSE
	EndGlobalSection
EndGlobal
